
Microsoft Visual Studio Solution File, Format Version 12.00
Project("{FAE04EC0-301F-11D3-BF4B-00C04F79EFBC}") = "Content.Client", "Content.Client\Content.Client.csproj", "{C1AE83B0-D2B2-47AB-8BF4-D2FF73B2615B}"
EndProject
Project("{FAE04EC0-301F-11D3-BF4B-00C04F79EFBC}") = "Content.Shared", "Content.Shared\Content.Shared.csproj", "{E97D7C6A-B442-4F7B-A790-FA0C5E075576}"
EndProject
Project("{FAE04EC0-301F-11D3-BF4B-00C04F79EFBC}") = "Content.Server", "Content.Server\Content.Server.csproj", "{53078701-6AFA-496E-BE35-ED1D1BE5272B}"
EndProject
Project("{FAE04EC0-301F-11D3-BF4B-00C04F79EFBC}") = "Content.Packaging", "Content.Packaging\Content.Packaging.csproj", "{63DD713D-A5DC-457C-9F00-5051BA7DC8A7}"
EndProject
Project("{FAE04EC0-301F-11D3-BF4B-00C04F79EFBC}") = "Lidgren.Network", "RobustToolbox\Lidgren.Network\Lidgren.Network.csproj", "{EEE8540C-C151-40EC-800B-DF718C221C06}"
EndProject
Project("{2150E333-8FDC-42A3-9474-1A3956D46DE8}") = "RobustToolbox", "RobustToolbox", "{E7DD9404-BA62-42E9-985E-1BD4E3B3B47B}"
EndProject
Project("{2150E333-8FDC-42A3-9474-1A3956D46DE8}") = "Networking", "Networking", "{60096688-1F79-40DB-8545-F48E748C35F7}"
EndProject
Project("{FAE04EC0-301F-11D3-BF4B-00C04F79EFBC}") = "OpenToolkit.GraphicsLibraryFramework", "RobustToolbox\OpenToolkit.GraphicsLibraryFramework\OpenToolkit.GraphicsLibraryFramework.csproj", "{282FD46A-ACA5-4286-942E-BA3ECE77B325}"
EndProject
Project("{FAE04EC0-301F-11D3-BF4B-00C04F79EFBC}") = "Robust.Analyzers", "RobustToolbox\Robust.Analyzers\Robust.Analyzers.csproj", "{7957FBAB-49D4-4C32-AD2C-3763F1F429F8}"
EndProject
Project("{FAE04EC0-301F-11D3-BF4B-00C04F79EFBC}") = "Robust.Analyzers.Tests", "RobustToolbox\Robust.Analyzers.Tests\Robust.Analyzers.Tests.csproj", "{06B553FF-6D0A-4325-A004-D1994AF5CDAF}"
EndProject
Project("{2150E333-8FDC-42A3-9474-1A3956D46DE8}") = "Analys", "Analys", "{F8833E36-F5B1-4120-B46F-CE392519F2B3}"
EndProject
Project("{FAE04EC0-301F-11D3-BF4B-00C04F79EFBC}") = "Robust.Benchmarks", "RobustToolbox\Robust.Benchmarks\Robust.Benchmarks.csproj", "{52E89E8F-CE74-441F-BC23-3CDA4637095B}"
EndProject
Project("{FAE04EC0-301F-11D3-BF4B-00C04F79EFBC}") = "Robust.Client", "RobustToolbox\Robust.Client\Robust.Client.csproj", "{C03AC9F8-9953-478E-933B-F9A615095E68}"
EndProject
Project("{FAE04EC0-301F-11D3-BF4B-00C04F79EFBC}") = "Robust.Client.Injectors", "RobustToolbox\Robust.Client.Injectors\Robust.Client.Injectors.csproj", "{72E2928E-CBC8-4493-B051-A42039E0E9E0}"
EndProject
Project("{FAE04EC0-301F-11D3-BF4B-00C04F79EFBC}") = "Robust.Client.NameGenerator", "RobustToolbox\Robust.Client.NameGenerator\Robust.Client.NameGenerator.csproj", "{C5994D16-9C92-4585-A2F2-4079E8E52003}"
EndProject
Project("{FAE04EC0-301F-11D3-BF4B-00C04F79EFBC}") = "Robust.Client.WebView", "RobustToolbox\Robust.Client.WebView\Robust.Client.WebView.csproj", "{D348FA74-D5F8-4B13-AF14-185408305A26}"
EndProject
Project("{FAE04EC0-301F-11D3-BF4B-00C04F79EFBC}") = "Robust.Generators", "RobustToolbox\Robust.Generators\Robust.Generators.csproj", "{824C51E4-DF29-4BDD-A8CA-115109EEF32E}"
EndProject
Project("{FAE04EC0-301F-11D3-BF4B-00C04F79EFBC}") = "Robust.Generators.UnitTesting", "RobustToolbox\Robust.Generators.UnitTesting\Robust.Generators.UnitTesting.csproj", "{D3161D5D-8346-4722-BE34-20DD866AADFF}"
EndProject
Project("{FAE04EC0-301F-11D3-BF4B-00C04F79EFBC}") = "Robust.Packaging", "RobustToolbox\Robust.Packaging\Robust.Packaging.csproj", "{2981170E-70E8-4329-9A1C-E468B4EB4D92}"
EndProject
Project("{FAE04EC0-301F-11D3-BF4B-00C04F79EFBC}") = "Robust.Serialization.Generator", "RobustToolbox\Robust.Serialization.Generator\Robust.Serialization.Generator.csproj", "{866D6B36-5C1D-41A6-B67B-178014FED66C}"
EndProject
Project("{FAE04EC0-301F-11D3-BF4B-00C04F79EFBC}") = "Robust.Server", "RobustToolbox\Robust.Server\Robust.Server.csproj", "{70797A8A-A07B-44E5-A20D-E1BB827F6D37}"
EndProject
Project("{FAE04EC0-301F-11D3-BF4B-00C04F79EFBC}") = "Robust.Shared", "RobustToolbox\Robust.Shared\Robust.Shared.csproj", "{512001C0-B210-47B9-ADA1-8B118B5484A0}"
EndProject
Project("{FAE04EC0-301F-11D3-BF4B-00C04F79EFBC}") = "Robust.Shared.CompNetworkGenerator", "RobustToolbox\Robust.Shared.CompNetworkGenerator\Robust.Shared.CompNetworkGenerator.csproj", "{9E9C5B27-3BF9-427D-8576-E7D1B2E1D121}"
EndProject
Project("{FAE04EC0-301F-11D3-BF4B-00C04F79EFBC}") = "Robust.Shared.Maths", "RobustToolbox\Robust.Shared.Maths\Robust.Shared.Maths.csproj", "{E08F5151-734B-4FAD-A89A-BE4FF5E9564A}"
EndProject
Project("{FAE04EC0-301F-11D3-BF4B-00C04F79EFBC}") = "Robust.Shared.Scripting", "RobustToolbox\Robust.Shared.Scripting\Robust.Shared.Scripting.csproj", "{8FDBB631-5571-43D8-9273-F0C07D3DC49B}"
EndProject
Project("{FAE04EC0-301F-11D3-BF4B-00C04F79EFBC}") = "Robust.UnitTesting", "RobustToolbox\Robust.UnitTesting\Robust.UnitTesting.csproj", "{4E98B885-A788-4B9A-BF78-7F0B446ADAD3}"
EndProject
Project("{FAE04EC0-301F-11D3-BF4B-00C04F79EFBC}") = "Robust.Xaml", "RobustToolbox\Robust.Xaml\Robust.Xaml.csproj", "{C8881CC8-3A5A-43E2-A8CC-0E0BFBF046A1}"
EndProject
Project("{FAE04EC0-301F-11D3-BF4B-00C04F79EFBC}") = "XamlX", "RobustToolbox\XamlX\src\XamlX\XamlX.csproj", "{C63021D9-C62B-4492-B47D-4FD00021E4B3}"
EndProject
Project("{FAE04EC0-301F-11D3-BF4B-00C04F79EFBC}") = "XamlX.IL.Cecil", "RobustToolbox\XamlX\src\XamlX.IL.Cecil\XamlX.IL.Cecil.csproj", "{27859A5E-093C-4EBE-B5BD-E312525B41EE}"
EndProject
Project("{2150E333-8FDC-42A3-9474-1A3956D46DE8}") = "Client", "Client", "{730EEA56-1244-4F67-AF06-5195A8006F1A}"
EndProject
Project("{2150E333-8FDC-42A3-9474-1A3956D46DE8}") = "Graphics", "Graphics", "{176F742D-D6BF-4CA0-8C10-9EF9552D2A83}"
EndProject
Project("{2150E333-8FDC-42A3-9474-1A3956D46DE8}") = "Shared", "Shared", "{98E2B1C6-1020-41FE-9DA1-39E365F39A0F}"
EndProject
Project("{2150E333-8FDC-42A3-9474-1A3956D46DE8}") = "Server", "Server", "{DC7F5CF2-B05E-4BBD-B837-A364A8AA25BD}"
EndProject
Project("{2150E333-8FDC-42A3-9474-1A3956D46DE8}") = "Content", "Content", "{F1A51E70-E46A-4259-92A7-8C68056FA76F}"
EndProject
Project("{2150E333-8FDC-42A3-9474-1A3956D46DE8}") = "Generation", "Generation", "{78C45DFA-D50F-4235-BC8E-9ED6598C4FF9}"
EndProject
Project("{FAE04EC0-301F-11D3-BF4B-00C04F79EFBC}") = "Avalonia.Base", "RobustToolbox\Avalonia.Base\Avalonia.Base.csproj", "{FD128F5C-E42F-4AFF-94F2-C55ED293821C}"
EndProject
Project("{FAE04EC0-301F-11D3-BF4B-00C04F79EFBC}") = "NetSerializer", "RobustToolbox\NetSerializer\NetSerializer\NetSerializer.csproj", "{1FFEB058-1044-4BA4-BDF1-5EBAB4897AC9}"
EndProject
Project("{FAE04EC0-301F-11D3-BF4B-00C04F79EFBC}") = "Robust.LoaderApi", "RobustToolbox\Robust.LoaderApi\Robust.LoaderApi\Robust.LoaderApi.csproj", "{D8EB9CF9-B999-4CF4-9D40-7ABF1D56F06B}"
EndProject
Project("{FAE04EC0-301F-11D3-BF4B-00C04F79EFBC}") = "CefGlue", "RobustToolbox\cefglue\CefGlue\CefGlue.csproj", "{406CAEA0-A5B5-4C0C-8141-37A9E0E79724}"
EndProject
Global
	GlobalSection(SolutionConfigurationPlatforms) = preSolution
		Debug|Any CPU = Debug|Any CPU
		Release|Any CPU = Release|Any CPU
	EndGlobalSection
	GlobalSection(ProjectConfigurationPlatforms) = postSolution
		{C1AE83B0-D2B2-47AB-8BF4-D2FF73B2615B}.Debug|Any CPU.ActiveCfg = Debug|Any CPU
		{C1AE83B0-D2B2-47AB-8BF4-D2FF73B2615B}.Debug|Any CPU.Build.0 = Debug|Any CPU
		{C1AE83B0-D2B2-47AB-8BF4-D2FF73B2615B}.Release|Any CPU.ActiveCfg = Release|Any CPU
		{C1AE83B0-D2B2-47AB-8BF4-D2FF73B2615B}.Release|Any CPU.Build.0 = Release|Any CPU
		{E97D7C6A-B442-4F7B-A790-FA0C5E075576}.Debug|Any CPU.ActiveCfg = Debug|Any CPU
		{E97D7C6A-B442-4F7B-A790-FA0C5E075576}.Debug|Any CPU.Build.0 = Debug|Any CPU
		{E97D7C6A-B442-4F7B-A790-FA0C5E075576}.Release|Any CPU.ActiveCfg = Release|Any CPU
		{E97D7C6A-B442-4F7B-A790-FA0C5E075576}.Release|Any CPU.Build.0 = Release|Any CPU
		{53078701-6AFA-496E-BE35-ED1D1BE5272B}.Debug|Any CPU.ActiveCfg = Debug|Any CPU
		{53078701-6AFA-496E-BE35-ED1D1BE5272B}.Debug|Any CPU.Build.0 = Debug|Any CPU
		{53078701-6AFA-496E-BE35-ED1D1BE5272B}.Release|Any CPU.ActiveCfg = Release|Any CPU
		{53078701-6AFA-496E-BE35-ED1D1BE5272B}.Release|Any CPU.Build.0 = Release|Any CPU
		{63DD713D-A5DC-457C-9F00-5051BA7DC8A7}.Debug|Any CPU.ActiveCfg = Debug|Any CPU
		{63DD713D-A5DC-457C-9F00-5051BA7DC8A7}.Debug|Any CPU.Build.0 = Debug|Any CPU
		{63DD713D-A5DC-457C-9F00-5051BA7DC8A7}.Release|Any CPU.ActiveCfg = Release|Any CPU
		{63DD713D-A5DC-457C-9F00-5051BA7DC8A7}.Release|Any CPU.Build.0 = Release|Any CPU
		{EEE8540C-C151-40EC-800B-DF718C221C06}.Debug|Any CPU.ActiveCfg = Debug|Any CPU
		{EEE8540C-C151-40EC-800B-DF718C221C06}.Debug|Any CPU.Build.0 = Debug|Any CPU
		{EEE8540C-C151-40EC-800B-DF718C221C06}.Release|Any CPU.ActiveCfg = Release|Any CPU
		{EEE8540C-C151-40EC-800B-DF718C221C06}.Release|Any CPU.Build.0 = Release|Any CPU
		{282FD46A-ACA5-4286-942E-BA3ECE77B325}.Debug|Any CPU.ActiveCfg = Debug|Any CPU
		{282FD46A-ACA5-4286-942E-BA3ECE77B325}.Debug|Any CPU.Build.0 = Debug|Any CPU
		{282FD46A-ACA5-4286-942E-BA3ECE77B325}.Release|Any CPU.ActiveCfg = Release|Any CPU
		{282FD46A-ACA5-4286-942E-BA3ECE77B325}.Release|Any CPU.Build.0 = Release|Any CPU
		{7957FBAB-49D4-4C32-AD2C-3763F1F429F8}.Debug|Any CPU.ActiveCfg = Debug|Any CPU
		{7957FBAB-49D4-4C32-AD2C-3763F1F429F8}.Debug|Any CPU.Build.0 = Debug|Any CPU
		{7957FBAB-49D4-4C32-AD2C-3763F1F429F8}.Release|Any CPU.ActiveCfg = Release|Any CPU
		{7957FBAB-49D4-4C32-AD2C-3763F1F429F8}.Release|Any CPU.Build.0 = Release|Any CPU
		{06B553FF-6D0A-4325-A004-D1994AF5CDAF}.Debug|Any CPU.ActiveCfg = Debug|Any CPU
		{06B553FF-6D0A-4325-A004-D1994AF5CDAF}.Debug|Any CPU.Build.0 = Debug|Any CPU
		{06B553FF-6D0A-4325-A004-D1994AF5CDAF}.Release|Any CPU.ActiveCfg = Release|Any CPU
		{06B553FF-6D0A-4325-A004-D1994AF5CDAF}.Release|Any CPU.Build.0 = Release|Any CPU
		{52E89E8F-CE74-441F-BC23-3CDA4637095B}.Debug|Any CPU.ActiveCfg = Debug|Any CPU
		{52E89E8F-CE74-441F-BC23-3CDA4637095B}.Debug|Any CPU.Build.0 = Debug|Any CPU
		{52E89E8F-CE74-441F-BC23-3CDA4637095B}.Release|Any CPU.ActiveCfg = Release|Any CPU
		{52E89E8F-CE74-441F-BC23-3CDA4637095B}.Release|Any CPU.Build.0 = Release|Any CPU
		{C03AC9F8-9953-478E-933B-F9A615095E68}.Debug|Any CPU.ActiveCfg = Debug|Any CPU
		{C03AC9F8-9953-478E-933B-F9A615095E68}.Debug|Any CPU.Build.0 = Debug|Any CPU
		{C03AC9F8-9953-478E-933B-F9A615095E68}.Release|Any CPU.ActiveCfg = Release|Any CPU
		{C03AC9F8-9953-478E-933B-F9A615095E68}.Release|Any CPU.Build.0 = Release|Any CPU
		{72E2928E-CBC8-4493-B051-A42039E0E9E0}.Debug|Any CPU.ActiveCfg = Debug|Any CPU
		{72E2928E-CBC8-4493-B051-A42039E0E9E0}.Debug|Any CPU.Build.0 = Debug|Any CPU
		{72E2928E-CBC8-4493-B051-A42039E0E9E0}.Release|Any CPU.ActiveCfg = Release|Any CPU
		{72E2928E-CBC8-4493-B051-A42039E0E9E0}.Release|Any CPU.Build.0 = Release|Any CPU
		{C5994D16-9C92-4585-A2F2-4079E8E52003}.Debug|Any CPU.ActiveCfg = Debug|Any CPU
		{C5994D16-9C92-4585-A2F2-4079E8E52003}.Debug|Any CPU.Build.0 = Debug|Any CPU
		{C5994D16-9C92-4585-A2F2-4079E8E52003}.Release|Any CPU.ActiveCfg = Release|Any CPU
		{C5994D16-9C92-4585-A2F2-4079E8E52003}.Release|Any CPU.Build.0 = Release|Any CPU
		{D348FA74-D5F8-4B13-AF14-185408305A26}.Debug|Any CPU.ActiveCfg = Debug|Any CPU
		{D348FA74-D5F8-4B13-AF14-185408305A26}.Debug|Any CPU.Build.0 = Debug|Any CPU
		{D348FA74-D5F8-4B13-AF14-185408305A26}.Release|Any CPU.ActiveCfg = Release|Any CPU
		{D348FA74-D5F8-4B13-AF14-185408305A26}.Release|Any CPU.Build.0 = Release|Any CPU
		{824C51E4-DF29-4BDD-A8CA-115109EEF32E}.Debug|Any CPU.ActiveCfg = Debug|Any CPU
		{824C51E4-DF29-4BDD-A8CA-115109EEF32E}.Debug|Any CPU.Build.0 = Debug|Any CPU
		{824C51E4-DF29-4BDD-A8CA-115109EEF32E}.Release|Any CPU.ActiveCfg = Release|Any CPU
		{824C51E4-DF29-4BDD-A8CA-115109EEF32E}.Release|Any CPU.Build.0 = Release|Any CPU
		{D3161D5D-8346-4722-BE34-20DD866AADFF}.Debug|Any CPU.ActiveCfg = Debug|Any CPU
		{D3161D5D-8346-4722-BE34-20DD866AADFF}.Debug|Any CPU.Build.0 = Debug|Any CPU
		{D3161D5D-8346-4722-BE34-20DD866AADFF}.Release|Any CPU.ActiveCfg = Release|Any CPU
		{D3161D5D-8346-4722-BE34-20DD866AADFF}.Release|Any CPU.Build.0 = Release|Any CPU
		{2981170E-70E8-4329-9A1C-E468B4EB4D92}.Debug|Any CPU.ActiveCfg = Debug|Any CPU
		{2981170E-70E8-4329-9A1C-E468B4EB4D92}.Debug|Any CPU.Build.0 = Debug|Any CPU
		{2981170E-70E8-4329-9A1C-E468B4EB4D92}.Release|Any CPU.ActiveCfg = Release|Any CPU
		{2981170E-70E8-4329-9A1C-E468B4EB4D92}.Release|Any CPU.Build.0 = Release|Any CPU
		{866D6B36-5C1D-41A6-B67B-178014FED66C}.Debug|Any CPU.ActiveCfg = Debug|Any CPU
		{866D6B36-5C1D-41A6-B67B-178014FED66C}.Debug|Any CPU.Build.0 = Debug|Any CPU
		{866D6B36-5C1D-41A6-B67B-178014FED66C}.Release|Any CPU.ActiveCfg = Release|Any CPU
		{866D6B36-5C1D-41A6-B67B-178014FED66C}.Release|Any CPU.Build.0 = Release|Any CPU
		{70797A8A-A07B-44E5-A20D-E1BB827F6D37}.Debug|Any CPU.ActiveCfg = Debug|Any CPU
		{70797A8A-A07B-44E5-A20D-E1BB827F6D37}.Debug|Any CPU.Build.0 = Debug|Any CPU
		{70797A8A-A07B-44E5-A20D-E1BB827F6D37}.Release|Any CPU.ActiveCfg = Release|Any CPU
		{70797A8A-A07B-44E5-A20D-E1BB827F6D37}.Release|Any CPU.Build.0 = Release|Any CPU
		{512001C0-B210-47B9-ADA1-8B118B5484A0}.Debug|Any CPU.ActiveCfg = Debug|Any CPU
		{512001C0-B210-47B9-ADA1-8B118B5484A0}.Debug|Any CPU.Build.0 = Debug|Any CPU
		{512001C0-B210-47B9-ADA1-8B118B5484A0}.Release|Any CPU.ActiveCfg = Release|Any CPU
		{512001C0-B210-47B9-ADA1-8B118B5484A0}.Release|Any CPU.Build.0 = Release|Any CPU
		{9E9C5B27-3BF9-427D-8576-E7D1B2E1D121}.Debug|Any CPU.ActiveCfg = Debug|Any CPU
		{9E9C5B27-3BF9-427D-8576-E7D1B2E1D121}.Debug|Any CPU.Build.0 = Debug|Any CPU
		{9E9C5B27-3BF9-427D-8576-E7D1B2E1D121}.Release|Any CPU.ActiveCfg = Release|Any CPU
		{9E9C5B27-3BF9-427D-8576-E7D1B2E1D121}.Release|Any CPU.Build.0 = Release|Any CPU
		{E08F5151-734B-4FAD-A89A-BE4FF5E9564A}.Debug|Any CPU.ActiveCfg = Debug|Any CPU
		{E08F5151-734B-4FAD-A89A-BE4FF5E9564A}.Debug|Any CPU.Build.0 = Debug|Any CPU
		{E08F5151-734B-4FAD-A89A-BE4FF5E9564A}.Release|Any CPU.ActiveCfg = Release|Any CPU
		{E08F5151-734B-4FAD-A89A-BE4FF5E9564A}.Release|Any CPU.Build.0 = Release|Any CPU
		{8FDBB631-5571-43D8-9273-F0C07D3DC49B}.Debug|Any CPU.ActiveCfg = Debug|Any CPU
		{8FDBB631-5571-43D8-9273-F0C07D3DC49B}.Debug|Any CPU.Build.0 = Debug|Any CPU
		{8FDBB631-5571-43D8-9273-F0C07D3DC49B}.Release|Any CPU.ActiveCfg = Release|Any CPU
		{8FDBB631-5571-43D8-9273-F0C07D3DC49B}.Release|Any CPU.Build.0 = Release|Any CPU
		{4E98B885-A788-4B9A-BF78-7F0B446ADAD3}.Debug|Any CPU.ActiveCfg = Debug|Any CPU
		{4E98B885-A788-4B9A-BF78-7F0B446ADAD3}.Debug|Any CPU.Build.0 = Debug|Any CPU
		{4E98B885-A788-4B9A-BF78-7F0B446ADAD3}.Release|Any CPU.ActiveCfg = Release|Any CPU
		{4E98B885-A788-4B9A-BF78-7F0B446ADAD3}.Release|Any CPU.Build.0 = Release|Any CPU
		{C8881CC8-3A5A-43E2-A8CC-0E0BFBF046A1}.Debug|Any CPU.ActiveCfg = Debug|Any CPU
		{C8881CC8-3A5A-43E2-A8CC-0E0BFBF046A1}.Debug|Any CPU.Build.0 = Debug|Any CPU
		{C8881CC8-3A5A-43E2-A8CC-0E0BFBF046A1}.Release|Any CPU.ActiveCfg = Release|Any CPU
		{C8881CC8-3A5A-43E2-A8CC-0E0BFBF046A1}.Release|Any CPU.Build.0 = Release|Any CPU
		{C63021D9-C62B-4492-B47D-4FD00021E4B3}.Debug|Any CPU.ActiveCfg = Debug|Any CPU
		{C63021D9-C62B-4492-B47D-4FD00021E4B3}.Debug|Any CPU.Build.0 = Debug|Any CPU
		{C63021D9-C62B-4492-B47D-4FD00021E4B3}.Release|Any CPU.ActiveCfg = Release|Any CPU
		{C63021D9-C62B-4492-B47D-4FD00021E4B3}.Release|Any CPU.Build.0 = Release|Any CPU
		{27859A5E-093C-4EBE-B5BD-E312525B41EE}.Debug|Any CPU.ActiveCfg = Debug|Any CPU
		{27859A5E-093C-4EBE-B5BD-E312525B41EE}.Debug|Any CPU.Build.0 = Debug|Any CPU
		{27859A5E-093C-4EBE-B5BD-E312525B41EE}.Release|Any CPU.ActiveCfg = Release|Any CPU
		{27859A5E-093C-4EBE-B5BD-E312525B41EE}.Release|Any CPU.Build.0 = Release|Any CPU
		{FD128F5C-E42F-4AFF-94F2-C55ED293821C}.Debug|Any CPU.ActiveCfg = Debug|Any CPU
		{FD128F5C-E42F-4AFF-94F2-C55ED293821C}.Debug|Any CPU.Build.0 = Debug|Any CPU
		{FD128F5C-E42F-4AFF-94F2-C55ED293821C}.Release|Any CPU.ActiveCfg = Release|Any CPU
		{FD128F5C-E42F-4AFF-94F2-C55ED293821C}.Release|Any CPU.Build.0 = Release|Any CPU
		{1FFEB058-1044-4BA4-BDF1-5EBAB4897AC9}.Debug|Any CPU.ActiveCfg = Debug|Any CPU
		{1FFEB058-1044-4BA4-BDF1-5EBAB4897AC9}.Debug|Any CPU.Build.0 = Debug|Any CPU
		{1FFEB058-1044-4BA4-BDF1-5EBAB4897AC9}.Release|Any CPU.ActiveCfg = Release|Any CPU
		{1FFEB058-1044-4BA4-BDF1-5EBAB4897AC9}.Release|Any CPU.Build.0 = Release|Any CPU
		{D8EB9CF9-B999-4CF4-9D40-7ABF1D56F06B}.Debug|Any CPU.ActiveCfg = Debug|Any CPU
		{D8EB9CF9-B999-4CF4-9D40-7ABF1D56F06B}.Debug|Any CPU.Build.0 = Debug|Any CPU
		{D8EB9CF9-B999-4CF4-9D40-7ABF1D56F06B}.Release|Any CPU.ActiveCfg = Release|Any CPU
		{D8EB9CF9-B999-4CF4-9D40-7ABF1D56F06B}.Release|Any CPU.Build.0 = Release|Any CPU
		{406CAEA0-A5B5-4C0C-8141-37A9E0E79724}.Debug|Any CPU.ActiveCfg = Debug|Any CPU
		{406CAEA0-A5B5-4C0C-8141-37A9E0E79724}.Debug|Any CPU.Build.0 = Debug|Any CPU
		{406CAEA0-A5B5-4C0C-8141-37A9E0E79724}.Release|Any CPU.ActiveCfg = Release|Any CPU
		{406CAEA0-A5B5-4C0C-8141-37A9E0E79724}.Release|Any CPU.Build.0 = Release|Any CPU
	EndGlobalSection
	GlobalSection(NestedProjects) = preSolution
		{60096688-1F79-40DB-8545-F48E748C35F7} = {E7DD9404-BA62-42E9-985E-1BD4E3B3B47B}
		{EEE8540C-C151-40EC-800B-DF718C221C06} = {60096688-1F79-40DB-8545-F48E748C35F7}
		{F8833E36-F5B1-4120-B46F-CE392519F2B3} = {E7DD9404-BA62-42E9-985E-1BD4E3B3B47B}
		{7957FBAB-49D4-4C32-AD2C-3763F1F429F8} = {F8833E36-F5B1-4120-B46F-CE392519F2B3}
		{06B553FF-6D0A-4325-A004-D1994AF5CDAF} = {F8833E36-F5B1-4120-B46F-CE392519F2B3}
		{52E89E8F-CE74-441F-BC23-3CDA4637095B} = {E7DD9404-BA62-42E9-985E-1BD4E3B3B47B}
		{2981170E-70E8-4329-9A1C-E468B4EB4D92} = {E7DD9404-BA62-42E9-985E-1BD4E3B3B47B}
		{4E98B885-A788-4B9A-BF78-7F0B446ADAD3} = {E7DD9404-BA62-42E9-985E-1BD4E3B3B47B}
		{C03AC9F8-9953-478E-933B-F9A615095E68} = {730EEA56-1244-4F67-AF06-5195A8006F1A}
		{72E2928E-CBC8-4493-B051-A42039E0E9E0} = {730EEA56-1244-4F67-AF06-5195A8006F1A}
		{C5994D16-9C92-4585-A2F2-4079E8E52003} = {730EEA56-1244-4F67-AF06-5195A8006F1A}
		{D348FA74-D5F8-4B13-AF14-185408305A26} = {730EEA56-1244-4F67-AF06-5195A8006F1A}
		{176F742D-D6BF-4CA0-8C10-9EF9552D2A83} = {E7DD9404-BA62-42E9-985E-1BD4E3B3B47B}
		{282FD46A-ACA5-4286-942E-BA3ECE77B325} = {176F742D-D6BF-4CA0-8C10-9EF9552D2A83}
		{C8881CC8-3A5A-43E2-A8CC-0E0BFBF046A1} = {176F742D-D6BF-4CA0-8C10-9EF9552D2A83}
		{C63021D9-C62B-4492-B47D-4FD00021E4B3} = {176F742D-D6BF-4CA0-8C10-9EF9552D2A83}
		{27859A5E-093C-4EBE-B5BD-E312525B41EE} = {176F742D-D6BF-4CA0-8C10-9EF9552D2A83}
		{512001C0-B210-47B9-ADA1-8B118B5484A0} = {98E2B1C6-1020-41FE-9DA1-39E365F39A0F}
		{9E9C5B27-3BF9-427D-8576-E7D1B2E1D121} = {98E2B1C6-1020-41FE-9DA1-39E365F39A0F}
		{E08F5151-734B-4FAD-A89A-BE4FF5E9564A} = {98E2B1C6-1020-41FE-9DA1-39E365F39A0F}
		{8FDBB631-5571-43D8-9273-F0C07D3DC49B} = {98E2B1C6-1020-41FE-9DA1-39E365F39A0F}
		{70797A8A-A07B-44E5-A20D-E1BB827F6D37} = {DC7F5CF2-B05E-4BBD-B837-A364A8AA25BD}
		{F1A51E70-E46A-4259-92A7-8C68056FA76F} = {E7DD9404-BA62-42E9-985E-1BD4E3B3B47B}
		{730EEA56-1244-4F67-AF06-5195A8006F1A} = {F1A51E70-E46A-4259-92A7-8C68056FA76F}
		{DC7F5CF2-B05E-4BBD-B837-A364A8AA25BD} = {F1A51E70-E46A-4259-92A7-8C68056FA76F}
		{98E2B1C6-1020-41FE-9DA1-39E365F39A0F} = {F1A51E70-E46A-4259-92A7-8C68056FA76F}
		{78C45DFA-D50F-4235-BC8E-9ED6598C4FF9} = {E7DD9404-BA62-42E9-985E-1BD4E3B3B47B}
		{824C51E4-DF29-4BDD-A8CA-115109EEF32E} = {78C45DFA-D50F-4235-BC8E-9ED6598C4FF9}
		{D3161D5D-8346-4722-BE34-20DD866AADFF} = {78C45DFA-D50F-4235-BC8E-9ED6598C4FF9}
		{866D6B36-5C1D-41A6-B67B-178014FED66C} = {78C45DFA-D50F-4235-BC8E-9ED6598C4FF9}
		{FD128F5C-E42F-4AFF-94F2-C55ED293821C} = {176F742D-D6BF-4CA0-8C10-9EF9552D2A83}
		{1FFEB058-1044-4BA4-BDF1-5EBAB4897AC9} = {60096688-1F79-40DB-8545-F48E748C35F7}
		{406CAEA0-A5B5-4C0C-8141-37A9E0E79724} = {E7DD9404-BA62-42E9-985E-1BD4E3B3B47B}
		{D8EB9CF9-B999-4CF4-9D40-7ABF1D56F06B} = {E7DD9404-BA62-42E9-985E-1BD4E3B3B47B}
	EndGlobalSection
EndGlobal
